{
  "name": "replica3179",
  "version": "0.4.0",
  "lockfileVersion": 3,
  "requires": true,
  "packages": {
    "": {
      "name": "replica3179",
      "version": "0.4.0",
      "license": "ISC",
      "dependencies": {
        "replica3179": "^0.3.0"
      },
      "bin": {
        "pysatellite": "index.js"
      }
    },
    "node_modules/replica3179": {
      "version": "0.3.0",
      "resolved": "https://registry.npmjs.org/replica3179/-/replica3179-0.3.0.tgz",
      "integrity": "sha512-qR5XXzl997c/TARZMGJI38geT3u0GG2avKkSEJr68YKAh23GZKlWGR3I1mCJiupGX4ZgMBTmw9lego6rOrsNmQ==",
      "bin": {
        "pysatellite": "index.js"
      }
    }
  }
}
